{
  "version": 4,
  "terraform_version": "1.1.1",
  "serial": 3,
  "lineage": "015e19d0-78b1-1e3c-e24d-01340a3dec7d",
  "outputs": {},
  "resources": [
    {
      "module": "module.my-repository",
      "mode": "managed",
      "type": "google_artifact_registry_repository",
      "name": "my-repo",
      "provider": "provider[\"registry.terraform.io/hashicorp/google\"]",
      "instances": [
        {
          "schema_version": 0,
          "attributes": {
            "create_time": "2023-02-28T19:52:21.610698Z",
            "description": "Created by terraform",
            "format": "DOCKER",
            "id": "projects/terraform-project-marta/locations/us-central1/repositories/my-repo",
            "kms_key_name": "",
            "labels": null,
            "location": "us-central1",
            "maven_config": [],
            "name": "my-repo",
            "project": "terraform-project-marta",
            "repository_id": "my-repo",
            "timeouts": null,
            "update_time": "2023-02-28T19:52:21.610698Z"
          },
          "sensitive_attributes": [],
          "private": "eyJlMmJmYjczMC1lY2FhLTExZTYtOGY4OC0zNDM2M2JjN2M0YzAiOnsiY3JlYXRlIjoxMjAwMDAwMDAwMDAwLCJkZWxldGUiOjEyMDAwMDAwMDAwMDAsInVwZGF0ZSI6MTIwMDAwMDAwMDAwMH19"
        }
      ]
    },
    {
      "module": "module.nodejs-repository",
      "mode": "managed",
      "type": "google_artifact_registry_repository",
      "name": "my-repo",
      "provider": "provider[\"registry.terraform.io/hashicorp/google\"]",
      "instances": [
        {
          "schema_version": 0,
          "attributes": {
            "create_time": "2023-02-28T19:52:21.482140Z",
            "description": "Created by terraform",
            "format": "DOCKER",
            "id": "projects/terraform-project-marta/locations/us-central1/repositories/nodejs-repo",
            "kms_key_name": "",
            "labels": null,
            "location": "us-central1",
            "maven_config": [],
            "name": "nodejs-repo",
            "project": "terraform-project-marta",
            "repository_id": "nodejs-repo",
            "timeouts": null,
            "update_time": "2023-02-28T19:52:21.482140Z"
          },
          "sensitive_attributes": [],
          "private": "eyJlMmJmYjczMC1lY2FhLTExZTYtOGY4OC0zNDM2M2JjN2M0YzAiOnsiY3JlYXRlIjoxMjAwMDAwMDAwMDAwLCJkZWxldGUiOjEyMDAwMDAwMDAwMDAsInVwZGF0ZSI6MTIwMDAwMDAwMDAwMH19"
        }
      ]
    }
  ]
}
